
Microsoft Visual Studio Solution File, Format Version 12.00
# Visual Studio 15
Project("{FAE04EC0-301F-11D3-BF4B-00C04F79EFBC}") = "HelloWorld", "HelloWorld\HelloWorld.csproj", "{56E513A3-00EB-4776-B504-4306B58C444E}"
EndProject
Global
	GlobalSection(SolutionConfigurationPlatforms) = preSolution
		Debug|Any CPU = Debug|Any CPU
		Release|Any CPU = Release|Any CPU
	EndGlobalSection
	GlobalSection(ProjectConfigurationPlatforms) = postSolution
		{56E513A3-00EB-4776-B504-4306B58C444E}.Debug|Any CPU.ActiveCfg = Debug|Any CPU
		{56E513A3-00EB-4776-B504-4306B58C444E}.Debug|Any CPU.Build.0 = Debug|Any CPU
		{56E513A3-00EB-4776-B504-4306B58C444E}.Release|Any CPU.ActiveCfg = Release|Any CPU
		{56E513A3-00EB-4776-B504-4306B58C444E}.Release|Any CPU.Build.0 = Release|Any CPU
	EndGlobalSection
EndGlobal
